
Microsoft Visual Studio Solution File, Format Version 12.00
# Visual Studio Version 17
VisualStudioVersion = 17.0.31903.59
MinimumVisualStudioVersion = 10.0.40219.1
Project("{2150E333-8FDC-42A3-9474-1A3956D46DE8}") = "src", "src", "{827E0CD3-B72D-47B6-A68D-7590B98EB39B}"
EndProject
Project("{FAE04EC0-301F-11D3-BF4B-00C04F79EFBC}") = "Arca.Domain", "src\Arca.Domain\Arca.Domain.csproj", "{013BF275-5041-4DE5-A5CC-AC1ED1924A79}"
EndProject
Project("{FAE04EC0-301F-11D3-BF4B-00C04F79EFBC}") = "Arca.Application", "src\Arca.Application\Arca.Application.csproj", "{4A180A84-1B4E-4D50-AAF9-391A0BDC7654}"
EndProject
Project("{FAE04EC0-301F-11D3-BF4B-00C04F79EFBC}") = "Arca.Infrastructure", "src\Arca.Infrastructure\Arca.Infrastructure.csproj", "{28D52730-0872-49F6-962B-A644F944AEB8}"
EndProject
Project("{FAE04EC0-301F-11D3-BF4B-00C04F79EFBC}") = "Arca.Web", "src\Arca.Web\Arca.Web.csproj", "{24508057-81AE-40CB-B422-0CC29CC93E2B}"
EndProject
Project("{FAE04EC0-301F-11D3-BF4B-00C04F79EFBC}") = "Arca.Api", "src\Arca.Api\Arca.Api.csproj", "{A83BF9B8-2BAA-4EB5-89DD-D2B63E1264BC}"
EndProject
Project("{2150E333-8FDC-42A3-9474-1A3956D46DE8}") = "tests", "tests", "{0AB3BF05-4346-4AA6-1389-037BE0695223}"
EndProject
Project("{FAE04EC0-301F-11D3-BF4B-00C04F79EFBC}") = "Arca.UnitTests", "tests\Arca.UnitTests\Arca.UnitTests.csproj", "{EE32327A-92D2-40CF-94CE-67866E489495}"
EndProject
Project("{FAE04EC0-301F-11D3-BF4B-00C04F79EFBC}") = "Arca.IntegrationTests", "tests\Arca.IntegrationTests\Arca.IntegrationTests.csproj", "{60BE2627-2EB3-4B37-85A4-F602C7D7C85C}"
EndProject
Global
	GlobalSection(SolutionConfigurationPlatforms) = preSolution
		Debug|Any CPU = Debug|Any CPU
		Debug|x64 = Debug|x64
		Debug|x86 = Debug|x86
		Release|Any CPU = Release|Any CPU
		Release|x64 = Release|x64
		Release|x86 = Release|x86
	EndGlobalSection
	GlobalSection(ProjectConfigurationPlatforms) = postSolution
		{013BF275-5041-4DE5-A5CC-AC1ED1924A79}.Debug|Any CPU.ActiveCfg = Debug|Any CPU
		{013BF275-5041-4DE5-A5CC-AC1ED1924A79}.Debug|Any CPU.Build.0 = Debug|Any CPU
		{013BF275-5041-4DE5-A5CC-AC1ED1924A79}.Debug|x64.ActiveCfg = Debug|Any CPU
		{013BF275-5041-4DE5-A5CC-AC1ED1924A79}.Debug|x64.Build.0 = Debug|Any CPU
		{013BF275-5041-4DE5-A5CC-AC1ED1924A79}.Debug|x86.ActiveCfg = Debug|Any CPU
		{013BF275-5041-4DE5-A5CC-AC1ED1924A79}.Debug|x86.Build.0 = Debug|Any CPU
		{013BF275-5041-4DE5-A5CC-AC1ED1924A79}.Release|Any CPU.ActiveCfg = Release|Any CPU
		{013BF275-5041-4DE5-A5CC-AC1ED1924A79}.Release|Any CPU.Build.0 = Release|Any CPU
		{013BF275-5041-4DE5-A5CC-AC1ED1924A79}.Release|x64.ActiveCfg = Release|Any CPU
		{013BF275-5041-4DE5-A5CC-AC1ED1924A79}.Release|x64.Build.0 = Release|Any CPU
		{013BF275-5041-4DE5-A5CC-AC1ED1924A79}.Release|x86.ActiveCfg = Release|Any CPU
		{013BF275-5041-4DE5-A5CC-AC1ED1924A79}.Release|x86.Build.0 = Release|Any CPU
		{4A180A84-1B4E-4D50-AAF9-391A0BDC7654}.Debug|Any CPU.ActiveCfg = Debug|Any CPU
		{4A180A84-1B4E-4D50-AAF9-391A0BDC7654}.Debug|Any CPU.Build.0 = Debug|Any CPU
		{4A180A84-1B4E-4D50-AAF9-391A0BDC7654}.Debug|x64.ActiveCfg = Debug|Any CPU
		{4A180A84-1B4E-4D50-AAF9-391A0BDC7654}.Debug|x64.Build.0 = Debug|Any CPU
		{4A180A84-1B4E-4D50-AAF9-391A0BDC7654}.Debug|x86.ActiveCfg = Debug|Any CPU
		{4A180A84-1B4E-4D50-AAF9-391A0BDC7654}.Debug|x86.Build.0 = Debug|Any CPU
		{4A180A84-1B4E-4D50-AAF9-391A0BDC7654}.Release|Any CPU.ActiveCfg = Release|Any CPU
		{4A180A84-1B4E-4D50-AAF9-391A0BDC7654}.Release|Any CPU.Build.0 = Release|Any CPU
		{4A180A84-1B4E-4D50-AAF9-391A0BDC7654}.Release|x64.ActiveCfg = Release|Any CPU
		{4A180A84-1B4E-4D50-AAF9-391A0BDC7654}.Release|x64.Build.0 = Release|Any CPU
		{4A180A84-1B4E-4D50-AAF9-391A0BDC7654}.Release|x86.ActiveCfg = Release|Any CPU
		{4A180A84-1B4E-4D50-AAF9-391A0BDC7654}.Release|x86.Build.0 = Release|Any CPU
		{28D52730-0872-49F6-962B-A644F944AEB8}.Debug|Any CPU.ActiveCfg = Debug|Any CPU
		{28D52730-0872-49F6-962B-A644F944AEB8}.Debug|Any CPU.Build.0 = Debug|Any CPU
		{28D52730-0872-49F6-962B-A644F944AEB8}.Debug|x64.ActiveCfg = Debug|Any CPU
		{28D52730-0872-49F6-962B-A644F944AEB8}.Debug|x64.Build.0 = Debug|Any CPU
		{28D52730-0872-49F6-962B-A644F944AEB8}.Debug|x86.ActiveCfg = Debug|Any CPU
		{28D52730-0872-49F6-962B-A644F944AEB8}.Debug|x86.Build.0 = Debug|Any CPU
		{28D52730-0872-49F6-962B-A644F944AEB8}.Release|Any CPU.ActiveCfg = Release|Any CPU
		{28D52730-0872-49F6-962B-A644F944AEB8}.Release|Any CPU.Build.0 = Release|Any CPU
		{28D52730-0872-49F6-962B-A644F944AEB8}.Release|x64.ActiveCfg = Release|Any CPU
		{28D52730-0872-49F6-962B-A644F944AEB8}.Release|x64.Build.0 = Release|Any CPU
		{28D52730-0872-49F6-962B-A644F944AEB8}.Release|x86.ActiveCfg = Release|Any CPU
		{28D52730-0872-49F6-962B-A644F944AEB8}.Release|x86.Build.0 = Release|Any CPU
		{24508057-81AE-40CB-B422-0CC29CC93E2B}.Debug|Any CPU.ActiveCfg = Debug|Any CPU
		{24508057-81AE-40CB-B422-0CC29CC93E2B}.Debug|Any CPU.Build.0 = Debug|Any CPU
		{24508057-81AE-40CB-B422-0CC29CC93E2B}.Debug|x64.ActiveCfg = Debug|Any CPU
		{24508057-81AE-40CB-B422-0CC29CC93E2B}.Debug|x64.Build.0 = Debug|Any CPU
		{24508057-81AE-40CB-B422-0CC29CC93E2B}.Debug|x86.ActiveCfg = Debug|Any CPU
		{24508057-81AE-40CB-B422-0CC29CC93E2B}.Debug|x86.Build.0 = Debug|Any CPU
		{24508057-81AE-40CB-B422-0CC29CC93E2B}.Release|Any CPU.ActiveCfg = Release|Any CPU
		{24508057-81AE-40CB-B422-0CC29CC93E2B}.Release|Any CPU.Build.0 = Release|Any CPU
		{24508057-81AE-40CB-B422-0CC29CC93E2B}.Release|x64.ActiveCfg = Release|Any CPU
		{24508057-81AE-40CB-B422-0CC29CC93E2B}.Release|x64.Build.0 = Release|Any CPU
		{24508057-81AE-40CB-B422-0CC29CC93E2B}.Release|x86.ActiveCfg = Release|Any CPU
		{24508057-81AE-40CB-B422-0CC29CC93E2B}.Release|x86.Build.0 = Release|Any CPU
		{A83BF9B8-2BAA-4EB5-89DD-D2B63E1264BC}.Debug|Any CPU.ActiveCfg = Debug|Any CPU
		{A83BF9B8-2BAA-4EB5-89DD-D2B63E1264BC}.Debug|Any CPU.Build.0 = Debug|Any CPU
		{A83BF9B8-2BAA-4EB5-89DD-D2B63E1264BC}.Debug|x64.ActiveCfg = Debug|Any CPU
		{A83BF9B8-2BAA-4EB5-89DD-D2B63E1264BC}.Debug|x64.Build.0 = Debug|Any CPU
		{A83BF9B8-2BAA-4EB5-89DD-D2B63E1264BC}.Debug|x86.ActiveCfg = Debug|Any CPU
		{A83BF9B8-2BAA-4EB5-89DD-D2B63E1264BC}.Debug|x86.Build.0 = Debug|Any CPU
		{A83BF9B8-2BAA-4EB5-89DD-D2B63E1264BC}.Release|Any CPU.ActiveCfg = Release|Any CPU
		{A83BF9B8-2BAA-4EB5-89DD-D2B63E1264BC}.Release|Any CPU.Build.0 = Release|Any CPU
		{A83BF9B8-2BAA-4EB5-89DD-D2B63E1264BC}.Release|x64.ActiveCfg = Release|Any CPU
		{A83BF9B8-2BAA-4EB5-89DD-D2B63E1264BC}.Release|x64.Build.0 = Release|Any CPU
		{A83BF9B8-2BAA-4EB5-89DD-D2B63E1264BC}.Release|x86.ActiveCfg = Release|Any CPU
		{A83BF9B8-2BAA-4EB5-89DD-D2B63E1264BC}.Release|x86.Build.0 = Release|Any CPU
		{EE32327A-92D2-40CF-94CE-67866E489495}.Debug|Any CPU.ActiveCfg = Debug|Any CPU
		{EE32327A-92D2-40CF-94CE-67866E489495}.Debug|Any CPU.Build.0 = Debug|Any CPU
		{EE32327A-92D2-40CF-94CE-67866E489495}.Debug|x64.ActiveCfg = Debug|Any CPU
		{EE32327A-92D2-40CF-94CE-67866E489495}.Debug|x64.Build.0 = Debug|Any CPU
		{EE32327A-92D2-40CF-94CE-67866E489495}.Debug|x86.ActiveCfg = Debug|Any CPU
		{EE32327A-92D2-40CF-94CE-67866E489495}.Debug|x86.Build.0 = Debug|Any CPU
		{EE32327A-92D2-40CF-94CE-67866E489495}.Release|Any CPU.ActiveCfg = Release|Any CPU
		{EE32327A-92D2-40CF-94CE-67866E489495}.Release|Any CPU.Build.0 = Release|Any CPU
		{EE32327A-92D2-40CF-94CE-67866E489495}.Release|x64.ActiveCfg = Release|Any CPU
		{EE32327A-92D2-40CF-94CE-67866E489495}.Release|x64.Build.0 = Release|Any CPU
		{EE32327A-92D2-40CF-94CE-67866E489495}.Release|x86.ActiveCfg = Release|Any CPU
		{EE32327A-92D2-40CF-94CE-67866E489495}.Release|x86.Build.0 = Release|Any CPU
		{60BE2627-2EB3-4B37-85A4-F602C7D7C85C}.Debug|Any CPU.ActiveCfg = Debug|Any CPU
		{60BE2627-2EB3-4B37-85A4-F602C7D7C85C}.Debug|Any CPU.Build.0 = Debug|Any CPU
		{60BE2627-2EB3-4B37-85A4-F602C7D7C85C}.Debug|x64.ActiveCfg = Debug|Any CPU
		{60BE2627-2EB3-4B37-85A4-F602C7D7C85C}.Debug|x64.Build.0 = Debug|Any CPU
		{60BE2627-2EB3-4B37-85A4-F602C7D7C85C}.Debug|x86.ActiveCfg = Debug|Any CPU
		{60BE2627-2EB3-4B37-85A4-F602C7D7C85C}.Debug|x86.Build.0 = Debug|Any CPU
		{60BE2627-2EB3-4B37-85A4-F602C7D7C85C}.Release|Any CPU.ActiveCfg = Release|Any CPU
		{60BE2627-2EB3-4B37-85A4-F602C7D7C85C}.Release|Any CPU.Build.0 = Release|Any CPU
		{60BE2627-2EB3-4B37-85A4-F602C7D7C85C}.Release|x64.ActiveCfg = Release|Any CPU
		{60BE2627-2EB3-4B37-85A4-F602C7D7C85C}.Release|x64.Build.0 = Release|Any CPU
		{60BE2627-2EB3-4B37-85A4-F602C7D7C85C}.Release|x86.ActiveCfg = Release|Any CPU
		{60BE2627-2EB3-4B37-85A4-F602C7D7C85C}.Release|x86.Build.0 = Release|Any CPU
	EndGlobalSection
	GlobalSection(SolutionProperties) = preSolution
		HideSolutionNode = FALSE
	EndGlobalSection
	GlobalSection(NestedProjects) = preSolution
		{013BF275-5041-4DE5-A5CC-AC1ED1924A79} = {827E0CD3-B72D-47B6-A68D-7590B98EB39B}
		{4A180A84-1B4E-4D50-AAF9-391A0BDC7654} = {827E0CD3-B72D-47B6-A68D-7590B98EB39B}
		{28D52730-0872-49F6-962B-A644F944AEB8} = {827E0CD3-B72D-47B6-A68D-7590B98EB39B}
		{24508057-81AE-40CB-B422-0CC29CC93E2B} = {827E0CD3-B72D-47B6-A68D-7590B98EB39B}
		{A83BF9B8-2BAA-4EB5-89DD-D2B63E1264BC} = {827E0CD3-B72D-47B6-A68D-7590B98EB39B}
		{EE32327A-92D2-40CF-94CE-67866E489495} = {0AB3BF05-4346-4AA6-1389-037BE0695223}
		{60BE2627-2EB3-4B37-85A4-F602C7D7C85C} = {0AB3BF05-4346-4AA6-1389-037BE0695223}
	EndGlobalSection
EndGlobal
